
Microsoft Visual Studio Solution File, Format Version 12.00
# Visual Studio 2012
Project("{FAE04EC0-301F-11D3-BF4B-00C04F79EFBC}") = "fumo", "fumo.csproj", "{1F855C01-0413-4A4A-9707-376F50CE47A7}"
EndProject
Global
	GlobalSection(SolutionConfigurationPlatforms) = preSolution
		Debug|Any CPU = Debug|Any CPU
		Release|Any CPU = Release|Any CPU
	EndGlobalSection
	GlobalSection(ProjectConfigurationPlatforms) = postSolution
		{1F855C01-0413-4A4A-9707-376F50CE47A7}.Debug|Any CPU.ActiveCfg = Debug|Any CPU
		{1F855C01-0413-4A4A-9707-376F50CE47A7}.Debug|Any CPU.Build.0 = Debug|Any CPU
		{1F855C01-0413-4A4A-9707-376F50CE47A7}.Release|Any CPU.ActiveCfg = Release|Any CPU
		{1F855C01-0413-4A4A-9707-376F50CE47A7}.Release|Any CPU.Build.0 = Release|Any CPU
	EndGlobalSection
	GlobalSection(SolutionProperties) = preSolution
		HideSolutionNode = FALSE
	EndGlobalSection
EndGlobal
